
Microsoft Visual Studio Solution File, Format Version 12.00
# Visual Studio Version 17
VisualStudioVersion = 17.12.35707.178
MinimumVisualStudioVersion = 10.0.40219.1
Project("{FAE04EC0-301F-11D3-BF4B-00C04F79EFBC}") = "DynamicOperations.Core", "DynamicOperations.Core.csproj", "{84A5A46D-336D-4E4A-94BF-46C00058EC28}"
EndProject
Project("{FAE04EC0-301F-11D3-BF4B-00C04F79EFBC}") = "DynamicOperations.Tests", "..\DynamicOperations.Tests\DynamicOperations.Tests.csproj", "{E4FC56EE-74D0-4C23-A645-27E2E5BEEBB7}"
EndProject
Global
	GlobalSection(SolutionConfigurationPlatforms) = preSolution
		Debug|Any CPU = Debug|Any CPU
		Release|Any CPU = Release|Any CPU
	EndGlobalSection
	GlobalSection(ProjectConfigurationPlatforms) = postSolution
		{84A5A46D-336D-4E4A-94BF-46C00058EC28}.Debug|Any CPU.ActiveCfg = Debug|Any CPU
		{84A5A46D-336D-4E4A-94BF-46C00058EC28}.Debug|Any CPU.Build.0 = Debug|Any CPU
		{84A5A46D-336D-4E4A-94BF-46C00058EC28}.Release|Any CPU.ActiveCfg = Release|Any CPU
		{84A5A46D-336D-4E4A-94BF-46C00058EC28}.Release|Any CPU.Build.0 = Release|Any CPU
		{E4FC56EE-74D0-4C23-A645-27E2E5BEEBB7}.Debug|Any CPU.ActiveCfg = Debug|Any CPU
		{E4FC56EE-74D0-4C23-A645-27E2E5BEEBB7}.Debug|Any CPU.Build.0 = Debug|Any CPU
		{E4FC56EE-74D0-4C23-A645-27E2E5BEEBB7}.Release|Any CPU.ActiveCfg = Release|Any CPU
		{E4FC56EE-74D0-4C23-A645-27E2E5BEEBB7}.Release|Any CPU.Build.0 = Release|Any CPU
	EndGlobalSection
	GlobalSection(SolutionProperties) = preSolution
		HideSolutionNode = FALSE
	EndGlobalSection
EndGlobal
